
Microsoft Visual Studio Solution File, Format Version 12.00
# Visual Studio Version 17
VisualStudioVersion = 17.11.35327.3
MinimumVisualStudioVersion = 10.0.40219.1
Project("{FAE04EC0-301F-11D3-BF4B-00C04F79EFBC}") = "MocidadeMobile", "MocidadeMobile.csproj", "{80796C9B-993F-4002-B4CC-D60EA5E2F77C}"
EndProject
Global
	GlobalSection(SolutionConfigurationPlatforms) = preSolution
		Debug|Any CPU = Debug|Any CPU
		Release|Any CPU = Release|Any CPU
	EndGlobalSection
	GlobalSection(ProjectConfigurationPlatforms) = postSolution
		{80796C9B-993F-4002-B4CC-D60EA5E2F77C}.Debug|Any CPU.ActiveCfg = Debug|Any CPU
		{80796C9B-993F-4002-B4CC-D60EA5E2F77C}.Debug|Any CPU.Build.0 = Debug|Any CPU
		{80796C9B-993F-4002-B4CC-D60EA5E2F77C}.Debug|Any CPU.Deploy.0 = Debug|Any CPU
		{80796C9B-993F-4002-B4CC-D60EA5E2F77C}.Release|Any CPU.ActiveCfg = Release|Any CPU
		{80796C9B-993F-4002-B4CC-D60EA5E2F77C}.Release|Any CPU.Build.0 = Release|Any CPU
		{80796C9B-993F-4002-B4CC-D60EA5E2F77C}.Release|Any CPU.Deploy.0 = Release|Any CPU
	EndGlobalSection
	GlobalSection(SolutionProperties) = preSolution
		HideSolutionNode = FALSE
	EndGlobalSection
	GlobalSection(ExtensibilityGlobals) = postSolution
		SolutionGuid = {4FAE62A1-B82E-4002-9A13-B6FBC1B7E499}
	EndGlobalSection
EndGlobal
